// !$*UTF8*$!
{
	archiveVersion = 1;
	classes = {
	};
	objectVersion = 46;
	objects = {

/* Begin PBXBuildFile section */
		30805B931ADCBDD800C1A6E3 /* main.m in Sources */ = {isa = PBXBuildFile; fileRef = 30805B921ADCBDD800C1A6E3 /* main.m */; };
		30805B961ADCBDD800C1A6E3 /* AppDelegate.m in Sources */ = {isa = PBXBuildFile; fileRef = 30805B951ADCBDD800C1A6E3 /* AppDelegate.m */; };
		30805B991ADCBDD800C1A6E3 /* ListViewController.m in Sources */ = {isa = PBXBuildFile; fileRef = 30805B981ADCBDD800C1A6E3 /* ListViewController.m */; };
		30805B9E1ADCBDD800C1A6E3 /* Images.xcassets in Resources */ = {isa = PBXBuildFile; fileRef = 30805B9D1ADCBDD800C1A6E3 /* Images.xcassets */; };
		30805BAD1ADCBDD800C1A6E3 /* NSOperationQueueTestingTests.m in Sources */ = {isa = PBXBuildFile; fileRef = 30805BAC1ADCBDD800C1A6E3 /* NSOperationQueueTestingTests.m */; };
		30805BB81ADCE15600C1A6E3 /* PhotoRecord.m in Sources */ = {isa = PBXBuildFile; fileRef = 30805BB71ADCE15500C1A6E3 /* PhotoRecord.m */; };
		30805BBB1ADCE1B300C1A6E3 /* PendingOperations.m in Sources */ = {isa = PBXBuildFile; fileRef = 30805BBA1ADCE1B300C1A6E3 /* PendingOperations.m */; };
		30805BBE1ADCE3BB00C1A6E3 /* ImageDownloader.m in Sources */ = {isa = PBXBuildFile; fileRef = 30805BBD1ADCE3BB00C1A6E3 /* ImageDownloader.m */; };
		30805BC11ADCF70A00C1A6E3 /* ImageFiltration.m in Sources */ = {isa = PBXBuildFile; fileRef = 30805BC01ADCF70A00C1A6E3 /* ImageFiltration.m */; };
		30805BDD1ADCFBCB00C1A6E3 /* AFHTTPRequestOperation.m in Sources */ = {isa = PBXBuildFile; fileRef = 30805BCB1ADCFBCA00C1A6E3 /* AFHTTPRequestOperation.m */; };
		30805BDE1ADCFBCB00C1A6E3 /* AFHTTPRequestOperationManager.m in Sources */ = {isa = PBXBuildFile; fileRef = 30805BCD1ADCFBCA00C1A6E3 /* AFHTTPRequestOperationManager.m */; };
		30805BDF1ADCFBCB00C1A6E3 /* AFHTTPSessionManager.m in Sources */ = {isa = PBXBuildFile; fileRef = 30805BCF1ADCFBCA00C1A6E3 /* AFHTTPSessionManager.m */; };
		30805BE01ADCFBCB00C1A6E3 /* AFNetworkReachabilityManager.m in Sources */ = {isa = PBXBuildFile; fileRef = 30805BD21ADCFBCA00C1A6E3 /* AFNetworkReachabilityManager.m */; };
		30805BE11ADCFBCC00C1A6E3 /* AFSecurityPolicy.m in Sources */ = {isa = PBXBuildFile; fileRef = 30805BD41ADCFBCB00C1A6E3 /* AFSecurityPolicy.m */; };
		30805BE21ADCFBCC00C1A6E3 /* AFURLConnectionOperation.m in Sources */ = {isa = PBXBuildFile; fileRef = 30805BD61ADCFBCB00C1A6E3 /* AFURLConnectionOperation.m */; };
		30805BE31ADCFBCC00C1A6E3 /* AFURLRequestSerialization.m in Sources */ = {isa = PBXBuildFile; fileRef = 30805BD81ADCFBCB00C1A6E3 /* AFURLRequestSerialization.m */; };
		30805BE41ADCFBCC00C1A6E3 /* AFURLResponseSerialization.m in Sources */ = {isa = PBXBuildFile; fileRef = 30805BDA1ADCFBCB00C1A6E3 /* AFURLResponseSerialization.m */; };
		30805BE51ADCFBCC00C1A6E3 /* AFURLSessionManager.m in Sources */ = {isa = PBXBuildFile; fileRef = 30805BDC1ADCFBCB00C1A6E3 /* AFURLSessionManager.m */; };
/* End PBXBuildFile section */

/* Begin PBXContainerItemProxy section */
		30805BA71ADCBDD800C1A6E3 /* PBXContainerItemProxy */ = {
			isa = PBXContainerItemProxy;
			containerPortal = 30805B851ADCBDD800C1A6E3 /* Project object */;
			proxyType = 1;
			remoteGlobalIDString = 30805B8C1ADCBDD800C1A6E3;
			remoteInfo = NSOperationQueueTesting;
		};
/* End PBXContainerItemProxy section */

/* Begin PBXFileReference section */
		30805B8D1ADCBDD800C1A6E3 /* NSOperationQueueTesting.app */ = {isa = PBXFileReference; explicitFileType = wrapper.application; includeInIndex = 0; path = NSOperationQueueTesting.app; sourceTree = BUILT_PRODUCTS_DIR; };
		30805B911ADCBDD800C1A6E3 /* Info.plist */ = {isa = PBXFileReference; lastKnownFileType = text.plist.xml; path = Info.plist; sourceTree = "<group>"; };
		30805B921ADCBDD800C1A6E3 /* main.m */ = {isa = PBXFileReference; lastKnownFileType = sourcecode.c.objc; path = main.m; sourceTree = "<group>"; };
		30805B941ADCBDD800C1A6E3 /* AppDelegate.h */ = {isa = PBXFileReference; lastKnownFileType = sourcecode.c.h; path = AppDelegate.h; sourceTree = "<group>"; };
		30805B951ADCBDD800C1A6E3 /* AppDelegate.m */ = {isa = PBXFileReference; lastKnownFileType = sourcecode.c.objc; path = AppDelegate.m; sourceTree = "<group>"; };
		30805B971ADCBDD800C1A6E3 /* ListViewController.h */ = {isa = PBXFileReference; lastKnownFileType = sourcecode.c.h; path = ListViewController.h; sourceTree = "<group>"; };
		30805B981ADCBDD800C1A6E3 /* ListViewController.m */ = {isa = PBXFileReference; lastKnownFileType = sourcecode.c.objc; path = ListViewController.m; sourceTree = "<group>"; };
		30805B9D1ADCBDD800C1A6E3 /* Images.xcassets */ = {isa = PBXFileReference; lastKnownFileType = folder.assetcatalog; path = Images.xcassets; sourceTree = "<group>"; };
		30805BA61ADCBDD800C1A6E3 /* NSOperationQueueTestingTests.xctest */ = {isa = PBXFileReference; explicitFileType = wrapper.cfbundle; includeInIndex = 0; path = NSOperationQueueTestingTests.xctest; sourceTree = BUILT_PRODUCTS_DIR; };
		30805BAB1ADCBDD800C1A6E3 /* Info.plist */ = {isa = PBXFileReference; lastKnownFileType = text.plist.xml; path = Info.plist; sourceTree = "<group>"; };
		30805BAC1ADCBDD800C1A6E3 /* NSOperationQueueTestingTests.m */ = {isa = PBXFileReference; lastKnownFileType = sourcecode.c.objc; path = NSOperationQueueTestingTests.m; sourceTree = "<group>"; };
		30805BB61ADCE15500C1A6E3 /* PhotoRecord.h */ = {isa = PBXFileReference; fileEncoding = 4; lastKnownFileType = sourcecode.c.h; path = PhotoRecord.h; sourceTree = "<group>"; };
		30805BB71ADCE15500C1A6E3 /* PhotoRecord.m */ = {isa = PBXFileReference; fileEncoding = 4; lastKnownFileType = sourcecode.c.objc; path = PhotoRecord.m; sourceTree = "<group>"; };
		30805BB91ADCE1B300C1A6E3 /* PendingOperations.h */ = {isa = PBXFileReference; fileEncoding = 4; lastKnownFileType = sourcecode.c.h; path = PendingOperations.h; sourceTree = "<group>"; };
		30805BBA1ADCE1B300C1A6E3 /* PendingOperations.m */ = {isa = PBXFileReference; fileEncoding = 4; lastKnownFileType = sourcecode.c.objc; path = PendingOperations.m; sourceTree = "<group>"; };
		30805BBC1ADCE3BB00C1A6E3 /* ImageDownloader.h */ = {isa = PBXFileReference; fileEncoding = 4; lastKnownFileType = sourcecode.c.h; path = ImageDownloader.h; sourceTree = "<group>"; };
		30805BBD1ADCE3BB00C1A6E3 /* ImageDownloader.m */ = {isa = PBXFileReference; fileEncoding = 4; lastKnownFileType = sourcecode.c.objc; path = ImageDownloader.m; sourceTree = "<group>"; };
		30805BBF1ADCF70A00C1A6E3 /* ImageFiltration.h */ = {isa = PBXFileReference; fileEncoding = 4; lastKnownFileType = sourcecode.c.h; path = ImageFiltration.h; sourceTree = "<group>"; };
		30805BC01ADCF70A00C1A6E3 /* ImageFiltration.m */ = {isa = PBXFileReference; fileEncoding = 4; lastKnownFileType = sourcecode.c.objc; path = ImageFiltration.m; sourceTree = "<group>"; };
		30805BCA1ADCFBCA00C1A6E3 /* AFHTTPRequestOperation.h */ = {isa = PBXFileReference; fileEncoding = 4; lastKnownFileType = sourcecode.c.h; path = AFHTTPRequestOperation.h; sourceTree = "<group>"; };
		30805BCB1ADCFBCA00C1A6E3 /* AFHTTPRequestOperation.m */ = {isa = PBXFileReference; fileEncoding = 4; lastKnownFileType = sourcecode.c.objc; path = AFHTTPRequestOperation.m; sourceTree = "<group>"; };
		30805BCC1ADCFBCA00C1A6E3 /* AFHTTPRequestOperationManager.h */ = {isa = PBXFileReference; fileEncoding = 4; lastKnownFileType = sourcecode.c.h; path = AFHTTPRequestOperationManager.h; sourceTree = "<group>"; };
		30805BCD1ADCFBCA00C1A6E3 /* AFHTTPRequestOperationManager.m */ = {isa = PBXFileReference; fileEncoding = 4; lastKnownFileType = sourcecode.c.objc; path = AFHTTPRequestOperationManager.m; sourceTree = "<group>"; };
		30805BCE1ADCFBCA00C1A6E3 /* AFHTTPSessionManager.h */ = {isa = PBXFileReference; fileEncoding = 4; lastKnownFileType = sourcecode.c.h; path = AFHTTPSessionManager.h; sourceTree = "<group>"; };
		30805BCF1ADCFBCA00C1A6E3 /* AFHTTPSessionManager.m */ = {isa = PBXFileReference; fileEncoding = 4; lastKnownFileType = sourcecode.c.objc; path = AFHTTPSessionManager.m; sourceTree = "<group>"; };
		30805BD01ADCFBCA00C1A6E3 /* AFNetworking.h */ = {isa = PBXFileReference; fileEncoding = 4; lastKnownFileType = sourcecode.c.h; path = AFNetworking.h; sourceTree = "<group>"; };
		30805BD11ADCFBCA00C1A6E3 /* AFNetworkReachabilityManager.h */ = {isa = PBXFileReference; fileEncoding = 4; lastKnownFileType = sourcecode.c.h; path = AFNetworkReachabilityManager.h; sourceTree = "<group>"; };
		30805BD21ADCFBCA00C1A6E3 /* AFNetworkReachabilityManager.m */ = {isa = PBXFileReference; fileEncoding = 4; lastKnownFileType = sourcecode.c.objc; path = AFNetworkReachabilityManager.m; sourceTree = "<group>"; };
		30805BD31ADCFBCA00C1A6E3 /* AFSecurityPolicy.h */ = {isa = PBXFileReference; fileEncoding = 4; lastKnownFileType = sourcecode.c.h; path = AFSecurityPolicy.h; sourceTree = "<group>"; };
		30805BD41ADCFBCB00C1A6E3 /* AFSecurityPolicy.m */ = {isa = PBXFileReference; fileEncoding = 4; lastKnownFileType = sourcecode.c.objc; path = AFSecurityPolicy.m; sourceTree = "<group>"; };
		30805BD51ADCFBCB00C1A6E3 /* AFURLConnectionOperation.h */ = {isa = PBXFileReference; fileEncoding = 4; lastKnownFileType = sourcecode.c.h; path = AFURLConnectionOperation.h; sourceTree = "<group>"; };
		30805BD61ADCFBCB00C1A6E3 /* AFURLConnectionOperation.m */ = {isa = PBXFileReference; fileEncoding = 4; lastKnownFileType = sourcecode.c.objc; path = AFURLConnectionOperation.m; sourceTree = "<group>"; };
		30805BD71ADCFBCB00C1A6E3 /* AFURLRequestSerialization.h */ = {isa = PBXFileReference; fileEncoding = 4; lastKnownFileType = sourcecode.c.h; path = AFURLRequestSerialization.h; sourceTree = "<group>"; };
		30805BD81ADCFBCB00C1A6E3 /* AFURLRequestSerialization.m */ = {isa = PBXFileReference; fileEncoding = 4; lastKnownFileType = sourcecode.c.objc; path = AFURLRequestSerialization.m; sourceTree = "<group>"; };
		30805BD91ADCFBCB00C1A6E3 /* AFURLResponseSerialization.h */ = {isa = PBXFileReference; fileEncoding = 4; lastKnownFileType = sourcecode.c.h; path = AFURLResponseSerialization.h; sourceTree = "<group>"; };
		30805BDA1ADCFBCB00C1A6E3 /* AFURLResponseSerialization.m */ = {isa = PBXFileReference; fileEncoding = 4; lastKnownFileType = sourcecode.c.objc; path = AFURLResponseSerialization.m; sourceTree = "<group>"; };
		30805BDB1ADCFBCB00C1A6E3 /* AFURLSessionManager.h */ = {isa = PBXFileReference; fileEncoding = 4; lastKnownFileType = sourcecode.c.h; path = AFURLSessionManager.h; sourceTree = "<group>"; };
		30805BDC1ADCFBCB00C1A6E3 /* AFURLSessionManager.m */ = {isa = PBXFileReference; fileEncoding = 4; lastKnownFileType = sourcecode.c.objc; path = AFURLSessionManager.m; sourceTree = "<group>"; };
/* End PBXFileReference section */

/* Begin PBXFrameworksBuildPhase section */
		30805B8A1ADCBDD800C1A6E3 /* Frameworks */ = {
			isa = PBXFrameworksBuildPhase;
			buildActionMask = 2147483647;
			files = (
			);
			runOnlyForDeploymentPostprocessing = 0;
		};
		30805BA31ADCBDD800C1A6E3 /* Frameworks */ = {
			isa = PBXFrameworksBuildPhase;
			buildActionMask = 2147483647;
			files = (
			);
			runOnlyForDeploymentPostprocessing = 0;
		};
/* End PBXFrameworksBuildPhase section */

/* Begin PBXGroup section */
		30805B841ADCBDD800C1A6E3 = {
			isa = PBXGroup;
			children = (
				30805BC91ADCFBCA00C1A6E3 /* AFNetworking */,
				30805B8F1ADCBDD800C1A6E3 /* NSOperationQueueTesting */,
				30805BA91ADCBDD800C1A6E3 /* NSOperationQueueTestingTests */,
				30805B8E1ADCBDD800C1A6E3 /* Products */,
			);
			sourceTree = "<group>";
		};
		30805B8E1ADCBDD800C1A6E3 /* Products */ = {
			isa = PBXGroup;
			children = (
				30805B8D1ADCBDD800C1A6E3 /* NSOperationQueueTesting.app */,
				30805BA61ADCBDD800C1A6E3 /* NSOperationQueueTestingTests.xctest */,
			);
			name = Products;
			sourceTree = "<group>";
		};
		30805B8F1ADCBDD800C1A6E3 /* NSOperationQueueTesting */ = {
			isa = PBXGroup;
			children = (
				30805B941ADCBDD800C1A6E3 /* AppDelegate.h */,
				30805B951ADCBDD800C1A6E3 /* AppDelegate.m */,
				30805B971ADCBDD800C1A6E3 /* ListViewController.h */,
				30805B981ADCBDD800C1A6E3 /* ListViewController.m */,
				30805BBC1ADCE3BB00C1A6E3 /* ImageDownloader.h */,
				30805BBD1ADCE3BB00C1A6E3 /* ImageDownloader.m */,
				30805BBF1ADCF70A00C1A6E3 /* ImageFiltration.h */,
				30805BC01ADCF70A00C1A6E3 /* ImageFiltration.m */,
				30805BB61ADCE15500C1A6E3 /* PhotoRecord.h */,
				30805BB71ADCE15500C1A6E3 /* PhotoRecord.m */,
				30805BB91ADCE1B300C1A6E3 /* PendingOperations.h */,
				30805BBA1ADCE1B300C1A6E3 /* PendingOperations.m */,
				30805B9D1ADCBDD800C1A6E3 /* Images.xcassets */,
				30805B901ADCBDD800C1A6E3 /* Supporting Files */,
			);
			path = NSOperationQueueTesting;
			sourceTree = "<group>";
		};
		30805B901ADCBDD800C1A6E3 /* Supporting Files */ = {
			isa = PBXGroup;
			children = (
				30805B911ADCBDD800C1A6E3 /* Info.plist */,
				30805B921ADCBDD800C1A6E3 /* main.m */,
			);
			name = "Supporting Files";
			sourceTree = "<group>";
		};
		30805BA91ADCBDD800C1A6E3 /* NSOperationQueueTestingTests */ = {
			isa = PBXGroup;
			children = (
				30805BAC1ADCBDD800C1A6E3 /* NSOperationQueueTestingTests.m */,
				30805BAA1ADCBDD800C1A6E3 /* Supporting Files */,
			);
			path = NSOperationQueueTestingTests;
			sourceTree = "<group>";
		};
		30805BAA1ADCBDD800C1A6E3 /* Supporting Files */ = {
			isa = PBXGroup;
			children = (
				30805BAB1ADCBDD800C1A6E3 /* Info.plist */,
			);
			name = "Supporting Files";
			sourceTree = "<group>";
		};
		30805BC91ADCFBCA00C1A6E3 /* AFNetworking */ = {
			isa = PBXGroup;
			children = (
				30805BCA1ADCFBCA00C1A6E3 /* AFHTTPRequestOperation.h */,
				30805BCB1ADCFBCA00C1A6E3 /* AFHTTPRequestOperation.m */,
				30805BCC1ADCFBCA00C1A6E3 /* AFHTTPRequestOperationManager.h */,
				30805BCD1ADCFBCA00C1A6E3 /* AFHTTPRequestOperationManager.m */,
				30805BCE1ADCFBCA00C1A6E3 /* AFHTTPSessionManager.h */,
				30805BCF1ADCFBCA00C1A6E3 /* AFHTTPSessionManager.m */,
				30805BD01ADCFBCA00C1A6E3 /* AFNetworking.h */,
				30805BD11ADCFBCA00C1A6E3 /* AFNetworkReachabilityManager.h */,
				30805BD21ADCFBCA00C1A6E3 /* AFNetworkReachabilityManager.m */,
				30805BD31ADCFBCA00C1A6E3 /* AFSecurityPolicy.h */,
				30805BD41ADCFBCB00C1A6E3 /* AFSecurityPolicy.m */,
				30805BD51ADCFBCB00C1A6E3 /* AFURLConnectionOperation.h */,
				30805BD61ADCFBCB00C1A6E3 /* AFURLConnectionOperation.m */,
				30805BD71ADCFBCB00C1A6E3 /* AFURLRequestSerialization.h */,
				30805BD81ADCFBCB00C1A6E3 /* AFURLRequestSerialization.m */,
				30805BD91ADCFBCB00C1A6E3 /* AFURLResponseSerialization.h */,
				30805BDA1ADCFBCB00C1A6E3 /* AFURLResponseSerialization.m */,
				30805BDB1ADCFBCB00C1A6E3 /* AFURLSessionManager.h */,
				30805BDC1ADCFBCB00C1A6E3 /* AFURLSessionManager.m */,
			);
			path = AFNetworking;
			sourceTree = "<group>";
		};
/* End PBXGroup section */

/* Begin PBXNativeTarget section */
		30805B8C1ADCBDD800C1A6E3 /* NSOperationQueueTesting */ = {
			isa = PBXNativeTarget;
			buildConfigurationList = 30805BB01ADCBDD800C1A6E3 /* Build configuration list for PBXNativeTarget "NSOperationQueueTesting" */;
			buildPhases = (
				30805B891ADCBDD800C1A6E3 /* Sources */,
				30805B8A1ADCBDD800C1A6E3 /* Frameworks */,
				30805B8B1ADCBDD800C1A6E3 /* Resources */,
			);
			buildRules = (
			);
			dependencies = (
			);
			name = NSOperationQueueTesting;
			productName = NSOperationQueueTesting;
			productReference = 30805B8D1ADCBDD800C1A6E3 /* NSOperationQueueTesting.app */;
			productType = "com.apple.product-type.application";
		};
		30805BA51ADCBDD800C1A6E3 /* NSOperationQueueTestingTests */ = {
			isa = PBXNativeTarget;
			buildConfigurationList = 30805BB31ADCBDD800C1A6E3 /* Build configuration list for PBXNativeTarget "NSOperationQueueTestingTests" */;
			buildPhases = (
				30805BA21ADCBDD800C1A6E3 /* Sources */,
				30805BA31ADCBDD800C1A6E3 /* Frameworks */,
				30805BA41ADCBDD800C1A6E3 /* Resources */,
			);
			buildRules = (
			);
			dependencies = (
				30805BA81ADCBDD800C1A6E3 /* PBXTargetDependency */,
			);
			name = NSOperationQueueTestingTests;
			productName = NSOperationQueueTestingTests;
			productReference = 30805BA61ADCBDD800C1A6E3 /* NSOperationQueueTestingTests.xctest */;
			productType = "com.apple.product-type.bundle.unit-test";
		};
/* End PBXNativeTarget section */

/* Begin PBXProject section */
		30805B851ADCBDD800C1A6E3 /* Project object */ = {
			isa = PBXProject;
			attributes = {
				LastUpgradeCheck = 0630;
				ORGANIZATIONNAME = "Chen YU";
				TargetAttributes = {
					30805B8C1ADCBDD800C1A6E3 = {
						CreatedOnToolsVersion = 6.3;
					};
					30805BA51ADCBDD800C1A6E3 = {
						CreatedOnToolsVersion = 6.3;
						TestTargetID = 30805B8C1ADCBDD800C1A6E3;
					};
				};
			};
			buildConfigurationList = 30805B881ADCBDD800C1A6E3 /* Build configuration list for PBXProject "NSOperationQueueTesting" */;
			compatibilityVersion = "Xcode 3.2";
			developmentRegion = English;
			hasScannedForEncodings = 0;
			knownRegions = (
				en,
				Base,
			);
			mainGroup = 30805B841ADCBDD800C1A6E3;
			productRefGroup = 30805B8E1ADCBDD800C1A6E3 /* Products */;
			projectDirPath = "";
			projectRoot = "";
			targets = (
				30805B8C1ADCBDD800C1A6E3 /* NSOperationQueueTesting */,
				30805BA51ADCBDD800C1A6E3 /* NSOperationQueueTestingTests */,
			);
		};
/* End PBXProject section */

/* Begin PBXResourcesBuildPhase section */
		30805B8B1ADCBDD800C1A6E3 /* Resources */ = {
			isa = PBXResourcesBuildPhase;
			buildActionMask = 2147483647;
			files = (
				30805B9E1ADCBDD800C1A6E3 /* Images.xcassets in Resources */,
			);
			runOnlyForDeploymentPostprocessing = 0;
		};
		30805BA41ADCBDD800C1A6E3 /* Resources */ = {
			isa = PBXResourcesBuildPhase;
			buildActionMask = 2147483647;
			files = (
			);
			runOnlyForDeploymentPostprocessing = 0;
		};
/* End PBXResourcesBuildPhase section */

/* Begin PBXSourcesBuildPhase section */
		30805B891ADCBDD800C1A6E3 /* Sources */ = {
			isa = PBXSourcesBuildPhase;
			buildActionMask = 2147483647;
			files = (
				30805BE21ADCFBCC00C1A6E3 /* AFURLConnectionOperation.m in Sources */,
				30805BBE1ADCE3BB00C1A6E3 /* ImageDownloader.m in Sources */,
				30805B991ADCBDD800C1A6E3 /* ListViewController.m in Sources */,
				30805BC11ADCF70A00C1A6E3 /* ImageFiltration.m in Sources */,
				30805BE41ADCFBCC00C1A6E3 /* AFURLResponseSerialization.m in Sources */,
				30805BBB1ADCE1B300C1A6E3 /* PendingOperations.m in Sources */,
				30805BE31ADCFBCC00C1A6E3 /* AFURLRequestSerialization.m in Sources */,
				30805BE11ADCFBCC00C1A6E3 /* AFSecurityPolicy.m in Sources */,
				30805BDD1ADCFBCB00C1A6E3 /* AFHTTPRequestOperation.m in Sources */,
				30805BE51ADCFBCC00C1A6E3 /* AFURLSessionManager.m in Sources */,
				30805BB81ADCE15600C1A6E3 /* PhotoRecord.m in Sources */,
				30805B961ADCBDD800C1A6E3 /* AppDelegate.m in Sources */,
				30805BDF1ADCFBCB00C1A6E3 /* AFHTTPSessionManager.m in Sources */,
				30805B931ADCBDD800C1A6E3 /* main.m in Sources */,
				30805BE01ADCFBCB00C1A6E3 /* AFNetworkReachabilityManager.m in Sources */,
				30805BDE1ADCFBCB00C1A6E3 /* AFHTTPRequestOperationManager.m in Sources */,
			);
			runOnlyForDeploymentPostprocessing = 0;
		};
		30805BA21ADCBDD800C1A6E3 /* Sources */ = {
			isa = PBXSourcesBuildPhase;
			buildActionMask = 2147483647;
			files = (
				30805BAD1ADCBDD800C1A6E3 /* NSOperationQueueTestingTests.m in Sources */,
			);
			runOnlyForDeploymentPostprocessing = 0;
		};
/* End PBXSourcesBuildPhase section */

/* Begin PBXTargetDependency section */
		30805BA81ADCBDD800C1A6E3 /* PBXTargetDependency */ = {
			isa = PBXTargetDependency;
			target = 30805B8C1ADCBDD800C1A6E3 /* NSOperationQueueTesting */;
			targetProxy = 30805BA71ADCBDD800C1A6E3 /* PBXContainerItemProxy */;
		};
/* End PBXTargetDependency section */

/* Begin XCBuildConfiguration section */
		30805BAE1ADCBDD800C1A6E3 /* Debug */ = {
			isa = XCBuildConfiguration;
			buildSettings = {
				ALWAYS_SEARCH_USER_PATHS = NO;
				CLANG_CXX_LANGUAGE_STANDARD = "gnu++0x";
				CLANG_CXX_LIBRARY = "libc++";
				CLANG_ENABLE_MODULES = YES;
				CLANG_ENABLE_OBJC_ARC = YES;
				CLANG_WARN_BOOL_CONVERSION = YES;
				CLANG_WARN_CONSTANT_CONVERSION = YES;
				CLANG_WARN_DIRECT_OBJC_ISA_USAGE = YES_ERROR;
				CLANG_WARN_EMPTY_BODY = YES;
				CLANG_WARN_ENUM_CONVERSION = YES;
				CLANG_WARN_INT_CONVERSION = YES;
				CLANG_WARN_OBJC_ROOT_CLASS = YES_ERROR;
				CLANG_WARN_UNREACHABLE_CODE = YES;
				CLANG_WARN__DUPLICATE_METHOD_MATCH = YES;
				"CODE_SIGN_IDENTITY[sdk=iphoneos*]" = "iPhone Developer";
				COPY_PHASE_STRIP = NO;
				DEBUG_INFORMATION_FORMAT = "dwarf-with-dsym";
				ENABLE_STRICT_OBJC_MSGSEND = YES;
				GCC_C_LANGUAGE_STANDARD = gnu99;
				GCC_DYNAMIC_NO_PIC = NO;
				GCC_NO_COMMON_BLOCKS = YES;
				GCC_OPTIMIZATION_LEVEL = 0;
				GCC_PREPROCESSOR_DEFINITIONS = (
					"DEBUG=1",
					"$(inherited)",
				);
				GCC_SYMBOLS_PRIVATE_EXTERN = NO;
				GCC_WARN_64_TO_32_BIT_CONVERSION = YES;
				GCC_WARN_ABOUT_RETURN_TYPE = YES_ERROR;
				GCC_WARN_UNDECLARED_SELECTOR = YES;
				GCC_WARN_UNINITIALIZED_AUTOS = YES_AGGRESSIVE;
				GCC_WARN_UNUSED_FUNCTION = YES;
				GCC_WARN_UNUSED_VARIABLE = YES;
				IPHONEOS_DEPLOYMENT_TARGET = 8.3;
				MTL_ENABLE_DEBUG_INFO = YES;
				ONLY_ACTIVE_ARCH = YES;
				SDKROOT = iphoneos;
				TARGETED_DEVICE_FAMILY = "1,2";
			};
			name = Debug;
		};
		30805BAF1ADCBDD800C1A6E3 /* Release */ = {
			isa = XCBuildConfiguration;
			buildSettings = {
				ALWAYS_SEARCH_USER_PATHS = NO;
				CLANG_CXX_LANGUAGE_STANDARD = "gnu++0x";
				CLANG_CXX_LIBRARY = "libc++";
				CLANG_ENABLE_MODULES = YES;
				CLANG_ENABLE_OBJC_ARC = YES;
				CLANG_WARN_BOOL_CONVERSION = YES;
				CLANG_WARN_CONSTANT_CONVERSION = YES;
				CLANG_WARN_DIRECT_OBJC_ISA_USAGE = YES_ERROR;
				CLANG_WARN_EMPTY_BODY = YES;
				CLANG_WARN_ENUM_CONVERSION = YES;
				CLANG_WARN_INT_CONVERSION = YES;
				CLANG_WARN_OBJC_ROOT_CLASS = YES_ERROR;
				CLANG_WARN_UNREACHABLE_CODE = YES;
				CLANG_WARN__DUPLICATE_METHOD_MATCH = YES;
				"CODE_SIGN_IDENTITY[sdk=iphoneos*]" = "iPhone Developer";
				COPY_PHASE_STRIP = NO;
				DEBUG_INFORMATION_FORMAT = "dwarf-with-dsym";
				ENABLE_NS_ASSERTIONS = NO;
				ENABLE_STRICT_OBJC_MSGSEND = YES;
				GCC_C_LANGUAGE_STANDARD = gnu99;
				GCC_NO_COMMON_BLOCKS = YES;
				GCC_WARN_64_TO_32_BIT_CONVERSION = YES;
				GCC_WARN_ABOUT_RETURN_TYPE = YES_ERROR;
				GCC_WARN_UNDECLARED_SELECTOR = YES;
				GCC_WARN_UNINITIALIZED_AUTOS = YES_AGGRESSIVE;
				GCC_WARN_UNUSED_FUNCTION = YES;
				GCC_WARN_UNUSED_VARIABLE = YES;
				IPHONEOS_DEPLOYMENT_TARGET = 8.3;
				MTL_ENABLE_DEBUG_INFO = NO;
				SDKROOT = iphoneos;
				TARGETED_DEVICE_FAMILY = "1,2";
				VALIDATE_PRODUCT = YES;
			};
			name = Release;
		};
		30805BB11ADCBDD800C1A6E3 /* Debug */ = {
			isa = XCBuildConfiguration;
			buildSettings = {
				ASSETCATALOG_COMPILER_APPICON_NAME = AppIcon;
				INFOPLIST_FILE = NSOperationQueueTesting/Info.plist;
				LD_RUNPATH_SEARCH_PATHS = "$(inherited) @executable_path/Frameworks";
				PRODUCT_NAME = "$(TARGET_NAME)";
			};
			name = Debug;
		};
		30805BB21ADCBDD800C1A6E3 /* Release */ = {
			isa = XCBuildConfiguration;
			buildSettings = {
				ASSETCATALOG_COMPILER_APPICON_NAME = AppIcon;
				INFOPLIST_FILE = NSOperationQueueTesting/Info.plist;
				LD_RUNPATH_SEARCH_PATHS = "$(inherited) @executable_path/Frameworks";
				PRODUCT_NAME = "$(TARGET_NAME)";
			};
			name = Release;
		};
		30805BB41ADCBDD800C1A6E3 /* Debug */ = {
			isa = XCBuildConfiguration;
			buildSettings = {
				BUNDLE_LOADER = "$(TEST_HOST)";
				FRAMEWORK_SEARCH_PATHS = (
					"$(SDKROOT)/Developer/Library/Frameworks",
					"$(inherited)",
				);
				GCC_PREPROCESSOR_DEFINITIONS = (
					"DEBUG=1",
					"$(inherited)",
				);
				INFOPLIST_FILE = NSOperationQueueTestingTests/Info.plist;
				LD_RUNPATH_SEARCH_PATHS = "$(inherited) @executable_path/Frameworks @loader_path/Frameworks";
				PRODUCT_NAME = "$(TARGET_NAME)";
				TEST_HOST = "$(BUILT_PRODUCTS_DIR)/NSOperationQueueTesting.app/NSOperationQueueTesting";
			};
			name = Debug;
		};
		30805BB51ADCBDD800C1A6E3 /* Release */ = {
			isa = XCBuildConfiguration;
			buildSettings = {
				BUNDLE_LOADER = "$(TEST_HOST)";
				FRAMEWORK_SEARCH_PATHS = (
					"$(SDKROOT)/Developer/Library/Frameworks",
					"$(inherited)",
				);
				INFOPLIST_FILE = NSOperationQueueTestingTests/Info.plist;
				LD_RUNPATH_SEARCH_PATHS = "$(inherited) @executable_path/Frameworks @loader_path/Frameworks";
				PRODUCT_NAME = "$(TARGET_NAME)";
				TEST_HOST = "$(BUILT_PRODUCTS_DIR)/NSOperationQueueTesting.app/NSOperationQueueTesting";
			};
			name = Release;
		};
/* End XCBuildConfiguration section */

/* Begin XCConfigurationList section */
		30805B881ADCBDD800C1A6E3 /* Build configuration list for PBXProject "NSOperationQueueTesting" */ = {
			isa = XCConfigurationList;
			buildConfigurations = (
				30805BAE1ADCBDD800C1A6E3 /* Debug */,
				30805BAF1ADCBDD800C1A6E3 /* Release */,
			);
			defaultConfigurationIsVisible = 0;
			defaultConfigurationName = Release;
		};
		30805BB01ADCBDD800C1A6E3 /* Build configuration list for PBXNativeTarget "NSOperationQueueTesting" */ = {
			isa = XCConfigurationList;
			buildConfigurations = (
				30805BB11ADCBDD800C1A6E3 /* Debug */,
				30805BB21ADCBDD800C1A6E3 /* Release */,
			);
			defaultConfigurationIsVisible = 0;
			defaultConfigurationName = Release;
		};
		30805BB31ADCBDD800C1A6E3 /* Build configuration list for PBXNativeTarget "NSOperationQueueTestingTests" */ = {
			isa = XCConfigurationList;
			buildConfigurations = (
				30805BB41ADCBDD800C1A6E3 /* Debug */,
				30805BB51ADCBDD800C1A6E3 /* Release */,
			);
			defaultConfigurationIsVisible = 0;
			defaultConfigurationName = Release;
		};
/* End XCConfigurationList section */
	};
	rootObject = 30805B851ADCBDD800C1A6E3 /* Project object */;
}
